
Microsoft Visual Studio Solution File, Format Version 11.00
# Visual Studio 2010
Project("{8BC9CEB8-8B4A-11D0-8D11-00A0C91BC942}") = "郑文庆第二次作业.c", "郑文庆第二次作业.c\郑文庆第二次作业.c.vcxproj", "{30FFC3EA-063F-44D7-89C0-CE3CFD0F1157}"
EndProject
Global
	GlobalSection(SolutionConfigurationPlatforms) = preSolution
		Debug|Win32 = Debug|Win32
		Release|Win32 = Release|Win32
	EndGlobalSection
	GlobalSection(ProjectConfigurationPlatforms) = postSolution
		{30FFC3EA-063F-44D7-89C0-CE3CFD0F1157}.Debug|Win32.ActiveCfg = Debug|Win32
		{30FFC3EA-063F-44D7-89C0-CE3CFD0F1157}.Debug|Win32.Build.0 = Debug|Win32
		{30FFC3EA-063F-44D7-89C0-CE3CFD0F1157}.Release|Win32.ActiveCfg = Release|Win32
		{30FFC3EA-063F-44D7-89C0-CE3CFD0F1157}.Release|Win32.Build.0 = Release|Win32
	EndGlobalSection
	GlobalSection(SolutionProperties) = preSolution
		HideSolutionNode = FALSE
	EndGlobalSection
EndGlobal
